// !$*UTF8*$!
{
	archiveVersion = 1;
	classes = {
	};
	objectVersion = 56;
	objects = {

/* Begin PBXBuildFile section */
		6A7AE3E12A5C569500A11292 /* ProfileView.swift in Sources */ = {isa = PBXBuildFile; fileRef = 6A7AE3E02A5C569500A11292 /* ProfileView.swift */; };
		6A7AE3E32A5C588D00A11292 /* SettingsRowView.swift in Sources */ = {isa = PBXBuildFile; fileRef = 6A7AE3E22A5C588C00A11292 /* SettingsRowView.swift */; };
		6A7AE3E52A5C5C7300A11292 /* User.swift in Sources */ = {isa = PBXBuildFile; fileRef = 6A7AE3E42A5C5C7300A11292 /* User.swift */; };
		6A7AE3E72A5DA62200A11292 /* GoogleService-Info.plist in Resources */ = {isa = PBXBuildFile; fileRef = 6A7AE3E62A5DA62200A11292 /* GoogleService-Info.plist */; };
		6A7AE3EA2A5DA8E300A11292 /* FirebaseAuth in Frameworks */ = {isa = PBXBuildFile; productRef = 6A7AE3E92A5DA8E300A11292 /* FirebaseAuth */; };
		6A7AE3EC2A5DA8E300A11292 /* FirebaseFirestore in Frameworks */ = {isa = PBXBuildFile; productRef = 6A7AE3EB2A5DA8E300A11292 /* FirebaseFirestore */; };
		6A7AE3EE2A5DA8E300A11292 /* FirebaseFirestoreSwift in Frameworks */ = {isa = PBXBuildFile; productRef = 6A7AE3ED2A5DA8E300A11292 /* FirebaseFirestoreSwift */; };
		6A7AE3F02A5DA8E300A11292 /* FirebaseStorage in Frameworks */ = {isa = PBXBuildFile; productRef = 6A7AE3EF2A5DA8E300A11292 /* FirebaseStorage */; };
		6A7AE3F42A5DA97100A11292 /* AuthViewModel.swift in Sources */ = {isa = PBXBuildFile; fileRef = 6A7AE3F32A5DA97100A11292 /* AuthViewModel.swift */; };
		6A7AE3F62A5E20B200A11292 /* TabBarView.swift in Sources */ = {isa = PBXBuildFile; fileRef = 6A7AE3F52A5E20B200A11292 /* TabBarView.swift */; };
		6A7AE3FE2A5EB9DB00A11292 /* ToDoListView.swift in Sources */ = {isa = PBXBuildFile; fileRef = 6A7AE3FD2A5EB9DB00A11292 /* ToDoListView.swift */; };
		6A7AE40D2A5EEFBB00A11292 /* FirebaseManager.swift in Sources */ = {isa = PBXBuildFile; fileRef = 6A7AE40C2A5EEFBB00A11292 /* FirebaseManager.swift */; };
		6AB9A10C2A581A3000297C27 /* BucksSwiftUIApp.swift in Sources */ = {isa = PBXBuildFile; fileRef = 6AB9A10B2A581A3000297C27 /* BucksSwiftUIApp.swift */; };
		6AB9A10E2A581A3000297C27 /* RootView.swift in Sources */ = {isa = PBXBuildFile; fileRef = 6AB9A10D2A581A3000297C27 /* RootView.swift */; };
		6AB9A1102A581A3100297C27 /* Assets.xcassets in Resources */ = {isa = PBXBuildFile; fileRef = 6AB9A10F2A581A3100297C27 /* Assets.xcassets */; };
		6AB9A1132A581A3100297C27 /* Preview Assets.xcassets in Resources */ = {isa = PBXBuildFile; fileRef = 6AB9A1122A581A3100297C27 /* Preview Assets.xcassets */; };
		6AB9A11D2A581A3200297C27 /* BucksSwiftUITests.swift in Sources */ = {isa = PBXBuildFile; fileRef = 6AB9A11C2A581A3200297C27 /* BucksSwiftUITests.swift */; };
		6AB9A1272A581A3200297C27 /* BucksSwiftUIUITests.swift in Sources */ = {isa = PBXBuildFile; fileRef = 6AB9A1262A581A3200297C27 /* BucksSwiftUIUITests.swift */; };
		6AB9A1292A581A3200297C27 /* BucksSwiftUIUITestsLaunchTests.swift in Sources */ = {isa = PBXBuildFile; fileRef = 6AB9A1282A581A3200297C27 /* BucksSwiftUIUITestsLaunchTests.swift */; };
		6AB9A1402A581B9A00297C27 /* LoginView.swift in Sources */ = {isa = PBXBuildFile; fileRef = 6AB9A13F2A581B9A00297C27 /* LoginView.swift */; };
		6AB9A1422A581DFE00297C27 /* InputView.swift in Sources */ = {isa = PBXBuildFile; fileRef = 6AB9A1412A581DFE00297C27 /* InputView.swift */; };
		6AB9A1442A58255A00297C27 /* RegistrationView.swift in Sources */ = {isa = PBXBuildFile; fileRef = 6AB9A1432A58255A00297C27 /* RegistrationView.swift */; };
/* End PBXBuildFile section */

/* Begin PBXContainerItemProxy section */
		6AB9A1192A581A3200297C27 /* PBXContainerItemProxy */ = {
			isa = PBXContainerItemProxy;
			containerPortal = 6AB9A1002A581A2F00297C27 /* Project object */;
			proxyType = 1;
			remoteGlobalIDString = 6AB9A1072A581A2F00297C27;
			remoteInfo = BucksSwiftUI;
		};
		6AB9A1232A581A3200297C27 /* PBXContainerItemProxy */ = {
			isa = PBXContainerItemProxy;
			containerPortal = 6AB9A1002A581A2F00297C27 /* Project object */;
			proxyType = 1;
			remoteGlobalIDString = 6AB9A1072A581A2F00297C27;
			remoteInfo = BucksSwiftUI;
		};
/* End PBXContainerItemProxy section */

/* Begin PBXFileReference section */
		6A7AE3E02A5C569500A11292 /* ProfileView.swift */ = {isa = PBXFileReference; lastKnownFileType = sourcecode.swift; path = ProfileView.swift; sourceTree = "<group>"; };
		6A7AE3E22A5C588C00A11292 /* SettingsRowView.swift */ = {isa = PBXFileReference; lastKnownFileType = sourcecode.swift; path = SettingsRowView.swift; sourceTree = "<group>"; };
		6A7AE3E42A5C5C7300A11292 /* User.swift */ = {isa = PBXFileReference; lastKnownFileType = sourcecode.swift; path = User.swift; sourceTree = "<group>"; };
		6A7AE3E62A5DA62200A11292 /* GoogleService-Info.plist */ = {isa = PBXFileReference; fileEncoding = 4; lastKnownFileType = text.plist.xml; path = "GoogleService-Info.plist"; sourceTree = "<group>"; };
		6A7AE3F32A5DA97100A11292 /* AuthViewModel.swift */ = {isa = PBXFileReference; lastKnownFileType = sourcecode.swift; path = AuthViewModel.swift; sourceTree = "<group>"; };
		6A7AE3F52A5E20B200A11292 /* TabBarView.swift */ = {isa = PBXFileReference; lastKnownFileType = sourcecode.swift; path = TabBarView.swift; sourceTree = "<group>"; };
		6A7AE3FD2A5EB9DB00A11292 /* ToDoListView.swift */ = {isa = PBXFileReference; lastKnownFileType = sourcecode.swift; path = ToDoListView.swift; sourceTree = "<group>"; };
		6A7AE40C2A5EEFBB00A11292 /* FirebaseManager.swift */ = {isa = PBXFileReference; lastKnownFileType = sourcecode.swift; path = FirebaseManager.swift; sourceTree = "<group>"; };
		6AB9A1082A581A3000297C27 /* BucksSwiftUI.app */ = {isa = PBXFileReference; explicitFileType = wrapper.application; includeInIndex = 0; path = BucksSwiftUI.app; sourceTree = BUILT_PRODUCTS_DIR; };
		6AB9A10B2A581A3000297C27 /* BucksSwiftUIApp.swift */ = {isa = PBXFileReference; lastKnownFileType = sourcecode.swift; path = BucksSwiftUIApp.swift; sourceTree = "<group>"; };
		6AB9A10D2A581A3000297C27 /* RootView.swift */ = {isa = PBXFileReference; lastKnownFileType = sourcecode.swift; path = RootView.swift; sourceTree = "<group>"; };
		6AB9A10F2A581A3100297C27 /* Assets.xcassets */ = {isa = PBXFileReference; lastKnownFileType = folder.assetcatalog; path = Assets.xcassets; sourceTree = "<group>"; };
		6AB9A1122A581A3100297C27 /* Preview Assets.xcassets */ = {isa = PBXFileReference; lastKnownFileType = folder.assetcatalog; path = "Preview Assets.xcassets"; sourceTree = "<group>"; };
		6AB9A1182A581A3200297C27 /* BucksSwiftUITests.xctest */ = {isa = PBXFileReference; explicitFileType = wrapper.cfbundle; includeInIndex = 0; path = BucksSwiftUITests.xctest; sourceTree = BUILT_PRODUCTS_DIR; };
		6AB9A11C2A581A3200297C27 /* BucksSwiftUITests.swift */ = {isa = PBXFileReference; lastKnownFileType = sourcecode.swift; path = BucksSwiftUITests.swift; sourceTree = "<group>"; };
		6AB9A1222A581A3200297C27 /* BucksSwiftUIUITests.xctest */ = {isa = PBXFileReference; explicitFileType = wrapper.cfbundle; includeInIndex = 0; path = BucksSwiftUIUITests.xctest; sourceTree = BUILT_PRODUCTS_DIR; };
		6AB9A1262A581A3200297C27 /* BucksSwiftUIUITests.swift */ = {isa = PBXFileReference; lastKnownFileType = sourcecode.swift; path = BucksSwiftUIUITests.swift; sourceTree = "<group>"; };
		6AB9A1282A581A3200297C27 /* BucksSwiftUIUITestsLaunchTests.swift */ = {isa = PBXFileReference; lastKnownFileType = sourcecode.swift; path = BucksSwiftUIUITestsLaunchTests.swift; sourceTree = "<group>"; };
		6AB9A13F2A581B9A00297C27 /* LoginView.swift */ = {isa = PBXFileReference; lastKnownFileType = sourcecode.swift; path = LoginView.swift; sourceTree = "<group>"; };
		6AB9A1412A581DFE00297C27 /* InputView.swift */ = {isa = PBXFileReference; lastKnownFileType = sourcecode.swift; path = InputView.swift; sourceTree = "<group>"; };
		6AB9A1432A58255A00297C27 /* RegistrationView.swift */ = {isa = PBXFileReference; lastKnownFileType = sourcecode.swift; path = RegistrationView.swift; sourceTree = "<group>"; };
/* End PBXFileReference section */

/* Begin PBXFrameworksBuildPhase section */
		6AB9A1052A581A2F00297C27 /* Frameworks */ = {
			isa = PBXFrameworksBuildPhase;
			buildActionMask = 2147483647;
			files = (
				6A7AE3EA2A5DA8E300A11292 /* FirebaseAuth in Frameworks */,
				6A7AE3F02A5DA8E300A11292 /* FirebaseStorage in Frameworks */,
				6A7AE3EC2A5DA8E300A11292 /* FirebaseFirestore in Frameworks */,
				6A7AE3EE2A5DA8E300A11292 /* FirebaseFirestoreSwift in Frameworks */,
			);
			runOnlyForDeploymentPostprocessing = 0;
		};
		6AB9A1152A581A3200297C27 /* Frameworks */ = {
			isa = PBXFrameworksBuildPhase;
			buildActionMask = 2147483647;
			files = (
			);
			runOnlyForDeploymentPostprocessing = 0;
		};
		6AB9A11F2A581A3200297C27 /* Frameworks */ = {
			isa = PBXFrameworksBuildPhase;
			buildActionMask = 2147483647;
			files = (
			);
			runOnlyForDeploymentPostprocessing = 0;
		};
/* End PBXFrameworksBuildPhase section */

/* Begin PBXGroup section */
		6A7AE3F12A5DA92A00A11292 /* AuthenticationView */ = {
			isa = PBXGroup;
			children = (
				6AB9A13F2A581B9A00297C27 /* LoginView.swift */,
				6AB9A1432A58255A00297C27 /* RegistrationView.swift */,
			);
			path = AuthenticationView;
			sourceTree = "<group>";
		};
		6A7AE3F22A5DA94000A11292 /* AuthenticationViewModel */ = {
			isa = PBXGroup;
			children = (
				6A7AE3F32A5DA97100A11292 /* AuthViewModel.swift */,
			);
			path = AuthenticationViewModel;
			sourceTree = "<group>";
		};
		6A7AE3FC2A5EB9C500A11292 /* ToDoList */ = {
			isa = PBXGroup;
			children = (
				6A7AE40B2A5EEF9700A11292 /* DataStore */,
				6A7AE40A2A5EEF8600A11292 /* ToDoListView */,
			);
			path = ToDoList;
			sourceTree = "<group>";
		};
		6A7AE3FF2A5EBAF100A11292 /* Navigation */ = {
			isa = PBXGroup;
			children = (
				6A7AE4002A5EBB0000A11292 /* NavigationView */,
			);
			path = Navigation;
			sourceTree = "<group>";
		};
		6A7AE4002A5EBB0000A11292 /* NavigationView */ = {
			isa = PBXGroup;
			children = (
				6A7AE3F52A5E20B200A11292 /* TabBarView.swift */,
			);
			path = NavigationView;
			sourceTree = "<group>";
		};
		6A7AE40A2A5EEF8600A11292 /* ToDoListView */ = {
			isa = PBXGroup;
			children = (
				6A7AE3FD2A5EB9DB00A11292 /* ToDoListView.swift */,
			);
			path = ToDoListView;
			sourceTree = "<group>";
		};
		6A7AE40B2A5EEF9700A11292 /* DataStore */ = {
			isa = PBXGroup;
			children = (
				6A7AE40C2A5EEFBB00A11292 /* FirebaseManager.swift */,
			);
			path = DataStore;
			sourceTree = "<group>";
		};
		6AB9A0FF2A581A2F00297C27 = {
			isa = PBXGroup;
			children = (
				6AB9A10A2A581A3000297C27 /* BucksSwiftUI */,
				6AB9A11B2A581A3200297C27 /* BucksSwiftUITests */,
				6AB9A1252A581A3200297C27 /* BucksSwiftUIUITests */,
				6AB9A1092A581A3000297C27 /* Products */,
			);
			sourceTree = "<group>";
		};
		6AB9A1092A581A3000297C27 /* Products */ = {
			isa = PBXGroup;
			children = (
				6AB9A1082A581A3000297C27 /* BucksSwiftUI.app */,
				6AB9A1182A581A3200297C27 /* BucksSwiftUITests.xctest */,
				6AB9A1222A581A3200297C27 /* BucksSwiftUIUITests.xctest */,
			);
			name = Products;
			sourceTree = "<group>";
		};
		6AB9A10A2A581A3000297C27 /* BucksSwiftUI */ = {
			isa = PBXGroup;
			children = (
				6AB9A1392A581A6C00297C27 /* App */,
				6AB9A1382A581A6900297C27 /* Components */,
				6AB9A1372A581A6500297C27 /* Core */,
				6AB9A1362A581A6100297C27 /* Model */,
				6AB9A10F2A581A3100297C27 /* Assets.xcassets */,
				6A7AE3E62A5DA62200A11292 /* GoogleService-Info.plist */,
				6AB9A1112A581A3100297C27 /* Preview Content */,
			);
			path = BucksSwiftUI;
			sourceTree = "<group>";
		};
		6AB9A1112A581A3100297C27 /* Preview Content */ = {
			isa = PBXGroup;
			children = (
				6AB9A1122A581A3100297C27 /* Preview Assets.xcassets */,
			);
			path = "Preview Content";
			sourceTree = "<group>";
		};
		6AB9A11B2A581A3200297C27 /* BucksSwiftUITests */ = {
			isa = PBXGroup;
			children = (
				6AB9A11C2A581A3200297C27 /* BucksSwiftUITests.swift */,
			);
			path = BucksSwiftUITests;
			sourceTree = "<group>";
		};
		6AB9A1252A581A3200297C27 /* BucksSwiftUIUITests */ = {
			isa = PBXGroup;
			children = (
				6AB9A1262A581A3200297C27 /* BucksSwiftUIUITests.swift */,
				6AB9A1282A581A3200297C27 /* BucksSwiftUIUITestsLaunchTests.swift */,
			);
			path = BucksSwiftUIUITests;
			sourceTree = "<group>";
		};
		6AB9A1362A581A6100297C27 /* Model */ = {
			isa = PBXGroup;
			children = (
				6A7AE3E42A5C5C7300A11292 /* User.swift */,
			);
			path = Model;
			sourceTree = "<group>";
		};
		6AB9A1372A581A6500297C27 /* Core */ = {
			isa = PBXGroup;
			children = (
				6A7AE3FF2A5EBAF100A11292 /* Navigation */,
				6A7AE3FC2A5EB9C500A11292 /* ToDoList */,
				6AB9A13B2A581AF800297C27 /* Authentication */,
				6AB9A13C2A581B0700297C27 /* Profile */,
				6AB9A13A2A581AE500297C27 /* Root */,
			);
			path = Core;
			sourceTree = "<group>";
		};
		6AB9A1382A581A6900297C27 /* Components */ = {
			isa = PBXGroup;
			children = (
				6AB9A1412A581DFE00297C27 /* InputView.swift */,
				6A7AE3E22A5C588C00A11292 /* SettingsRowView.swift */,
			);
			path = Components;
			sourceTree = "<group>";
		};
		6AB9A1392A581A6C00297C27 /* App */ = {
			isa = PBXGroup;
			children = (
				6AB9A10B2A581A3000297C27 /* BucksSwiftUIApp.swift */,
			);
			path = App;
			sourceTree = "<group>";
		};
		6AB9A13A2A581AE500297C27 /* Root */ = {
			isa = PBXGroup;
			children = (
				6AB9A10D2A581A3000297C27 /* RootView.swift */,
			);
			path = Root;
			sourceTree = "<group>";
		};
		6AB9A13B2A581AF800297C27 /* Authentication */ = {
			isa = PBXGroup;
			children = (
				6A7AE3F22A5DA94000A11292 /* AuthenticationViewModel */,
				6A7AE3F12A5DA92A00A11292 /* AuthenticationView */,
			);
			path = Authentication;
			sourceTree = "<group>";
		};
		6AB9A13C2A581B0700297C27 /* Profile */ = {
			isa = PBXGroup;
			children = (
				6A7AE3E02A5C569500A11292 /* ProfileView.swift */,
			);
			path = Profile;
			sourceTree = "<group>";
		};
/* End PBXGroup section */

/* Begin PBXNativeTarget section */
		6AB9A1072A581A2F00297C27 /* BucksSwiftUI */ = {
			isa = PBXNativeTarget;
			buildConfigurationList = 6AB9A12C2A581A3200297C27 /* Build configuration list for PBXNativeTarget "BucksSwiftUI" */;
			buildPhases = (
				6AB9A1042A581A2F00297C27 /* Sources */,
				6AB9A1052A581A2F00297C27 /* Frameworks */,
				6AB9A1062A581A2F00297C27 /* Resources */,
			);
			buildRules = (
			);
			dependencies = (
			);
			name = BucksSwiftUI;
			packageProductDependencies = (
				6A7AE3E92A5DA8E300A11292 /* FirebaseAuth */,
				6A7AE3EB2A5DA8E300A11292 /* FirebaseFirestore */,
				6A7AE3ED2A5DA8E300A11292 /* FirebaseFirestoreSwift */,
				6A7AE3EF2A5DA8E300A11292 /* FirebaseStorage */,
			);
			productName = BucksSwiftUI;
			productReference = 6AB9A1082A581A3000297C27 /* BucksSwiftUI.app */;
			productType = "com.apple.product-type.application";
		};
		6AB9A1172A581A3200297C27 /* BucksSwiftUITests */ = {
			isa = PBXNativeTarget;
			buildConfigurationList = 6AB9A12F2A581A3200297C27 /* Build configuration list for PBXNativeTarget "BucksSwiftUITests" */;
			buildPhases = (
				6AB9A1142A581A3200297C27 /* Sources */,
				6AB9A1152A581A3200297C27 /* Frameworks */,
				6AB9A1162A581A3200297C27 /* Resources */,
			);
			buildRules = (
			);
			dependencies = (
				6AB9A11A2A581A3200297C27 /* PBXTargetDependency */,
			);
			name = BucksSwiftUITests;
			productName = BucksSwiftUITests;
			productReference = 6AB9A1182A581A3200297C27 /* BucksSwiftUITests.xctest */;
			productType = "com.apple.product-type.bundle.unit-test";
		};
		6AB9A1212A581A3200297C27 /* BucksSwiftUIUITests */ = {
			isa = PBXNativeTarget;
			buildConfigurationList = 6AB9A1322A581A3200297C27 /* Build configuration list for PBXNativeTarget "BucksSwiftUIUITests" */;
			buildPhases = (
				6AB9A11E2A581A3200297C27 /* Sources */,
				6AB9A11F2A581A3200297C27 /* Frameworks */,
				6AB9A1202A581A3200297C27 /* Resources */,
			);
			buildRules = (
			);
			dependencies = (
				6AB9A1242A581A3200297C27 /* PBXTargetDependency */,
			);
			name = BucksSwiftUIUITests;
			productName = BucksSwiftUIUITests;
			productReference = 6AB9A1222A581A3200297C27 /* BucksSwiftUIUITests.xctest */;
			productType = "com.apple.product-type.bundle.ui-testing";
		};
/* End PBXNativeTarget section */

/* Begin PBXProject section */
		6AB9A1002A581A2F00297C27 /* Project object */ = {
			isa = PBXProject;
			attributes = {
				BuildIndependentTargetsInParallel = 1;
				LastSwiftUpdateCheck = 1410;
				LastUpgradeCheck = 1410;
				TargetAttributes = {
					6AB9A1072A581A2F00297C27 = {
						CreatedOnToolsVersion = 14.1;
					};
					6AB9A1172A581A3200297C27 = {
						CreatedOnToolsVersion = 14.1;
						TestTargetID = 6AB9A1072A581A2F00297C27;
					};
					6AB9A1212A581A3200297C27 = {
						CreatedOnToolsVersion = 14.1;
						TestTargetID = 6AB9A1072A581A2F00297C27;
					};
				};
			};
			buildConfigurationList = 6AB9A1032A581A2F00297C27 /* Build configuration list for PBXProject "BucksSwiftUI" */;
			compatibilityVersion = "Xcode 14.0";
			developmentRegion = en;
			hasScannedForEncodings = 0;
			knownRegions = (
				en,
				Base,
			);
			mainGroup = 6AB9A0FF2A581A2F00297C27;
			packageReferences = (
				6A7AE3E82A5DA8E300A11292 /* XCRemoteSwiftPackageReference "firebase-ios-sdk" */,
			);
			productRefGroup = 6AB9A1092A581A3000297C27 /* Products */;
			projectDirPath = "";
			projectRoot = "";
			targets = (
				6AB9A1072A581A2F00297C27 /* BucksSwiftUI */,
				6AB9A1172A581A3200297C27 /* BucksSwiftUITests */,
				6AB9A1212A581A3200297C27 /* BucksSwiftUIUITests */,
			);
		};
/* End PBXProject section */

/* Begin PBXResourcesBuildPhase section */
		6AB9A1062A581A2F00297C27 /* Resources */ = {
			isa = PBXResourcesBuildPhase;
			buildActionMask = 2147483647;
			files = (
				6AB9A1132A581A3100297C27 /* Preview Assets.xcassets in Resources */,
				6AB9A1102A581A3100297C27 /* Assets.xcassets in Resources */,
				6A7AE3E72A5DA62200A11292 /* GoogleService-Info.plist in Resources */,
			);
			runOnlyForDeploymentPostprocessing = 0;
		};
		6AB9A1162A581A3200297C27 /* Resources */ = {
			isa = PBXResourcesBuildPhase;
			buildActionMask = 2147483647;
			files = (
			);
			runOnlyForDeploymentPostprocessing = 0;
		};
		6AB9A1202A581A3200297C27 /* Resources */ = {
			isa = PBXResourcesBuildPhase;
			buildActionMask = 2147483647;
			files = (
			);
			runOnlyForDeploymentPostprocessing = 0;
		};
/* End PBXResourcesBuildPhase section */

/* Begin PBXSourcesBuildPhase section */
		6AB9A1042A581A2F00297C27 /* Sources */ = {
			isa = PBXSourcesBuildPhase;
			buildActionMask = 2147483647;
			files = (
				6A7AE40D2A5EEFBB00A11292 /* FirebaseManager.swift in Sources */,
				6AB9A1402A581B9A00297C27 /* LoginView.swift in Sources */,
				6AB9A1422A581DFE00297C27 /* InputView.swift in Sources */,
				6AB9A10E2A581A3000297C27 /* RootView.swift in Sources */,
				6A7AE3FE2A5EB9DB00A11292 /* ToDoListView.swift in Sources */,
				6AB9A10C2A581A3000297C27 /* BucksSwiftUIApp.swift in Sources */,
				6A7AE3E52A5C5C7300A11292 /* User.swift in Sources */,
				6A7AE3E12A5C569500A11292 /* ProfileView.swift in Sources */,
				6AB9A1442A58255A00297C27 /* RegistrationView.swift in Sources */,
				6A7AE3E32A5C588D00A11292 /* SettingsRowView.swift in Sources */,
				6A7AE3F42A5DA97100A11292 /* AuthViewModel.swift in Sources */,
				6A7AE3F62A5E20B200A11292 /* TabBarView.swift in Sources */,
			);
			runOnlyForDeploymentPostprocessing = 0;
		};
		6AB9A1142A581A3200297C27 /* Sources */ = {
			isa = PBXSourcesBuildPhase;
			buildActionMask = 2147483647;
			files = (
				6AB9A11D2A581A3200297C27 /* BucksSwiftUITests.swift in Sources */,
			);
			runOnlyForDeploymentPostprocessing = 0;
		};
		6AB9A11E2A581A3200297C27 /* Sources */ = {
			isa = PBXSourcesBuildPhase;
			buildActionMask = 2147483647;
			files = (
				6AB9A1272A581A3200297C27 /* BucksSwiftUIUITests.swift in Sources */,
				6AB9A1292A581A3200297C27 /* BucksSwiftUIUITestsLaunchTests.swift in Sources */,
			);
			runOnlyForDeploymentPostprocessing = 0;
		};
/* End PBXSourcesBuildPhase section */

/* Begin PBXTargetDependency section */
		6AB9A11A2A581A3200297C27 /* PBXTargetDependency */ = {
			isa = PBXTargetDependency;
			target = 6AB9A1072A581A2F00297C27 /* BucksSwiftUI */;
			targetProxy = 6AB9A1192A581A3200297C27 /* PBXContainerItemProxy */;
		};
		6AB9A1242A581A3200297C27 /* PBXTargetDependency */ = {
			isa = PBXTargetDependency;
			target = 6AB9A1072A581A2F00297C27 /* BucksSwiftUI */;
			targetProxy = 6AB9A1232A581A3200297C27 /* PBXContainerItemProxy */;
		};
/* End PBXTargetDependency section */

/* Begin XCBuildConfiguration section */
		6AB9A12A2A581A3200297C27 /* Debug */ = {
			isa = XCBuildConfiguration;
			buildSettings = {
				ALWAYS_SEARCH_USER_PATHS = NO;
				CLANG_ANALYZER_NONNULL = YES;
				CLANG_ANALYZER_NUMBER_OBJECT_CONVERSION = YES_AGGRESSIVE;
				CLANG_CXX_LANGUAGE_STANDARD = "gnu++20";
				CLANG_ENABLE_MODULES = YES;
				CLANG_ENABLE_OBJC_ARC = YES;
				CLANG_ENABLE_OBJC_WEAK = YES;
				CLANG_WARN_BLOCK_CAPTURE_AUTORELEASING = YES;
				CLANG_WARN_BOOL_CONVERSION = YES;
				CLANG_WARN_COMMA = YES;
				CLANG_WARN_CONSTANT_CONVERSION = YES;
				CLANG_WARN_DEPRECATED_OBJC_IMPLEMENTATIONS = YES;
				CLANG_WARN_DIRECT_OBJC_ISA_USAGE = YES_ERROR;
				CLANG_WARN_DOCUMENTATION_COMMENTS = YES;
				CLANG_WARN_EMPTY_BODY = YES;
				CLANG_WARN_ENUM_CONVERSION = YES;
				CLANG_WARN_INFINITE_RECURSION = YES;
				CLANG_WARN_INT_CONVERSION = YES;
				CLANG_WARN_NON_LITERAL_NULL_CONVERSION = YES;
				CLANG_WARN_OBJC_IMPLICIT_RETAIN_SELF = YES;
				CLANG_WARN_OBJC_LITERAL_CONVERSION = YES;
				CLANG_WARN_OBJC_ROOT_CLASS = YES_ERROR;
				CLANG_WARN_QUOTED_INCLUDE_IN_FRAMEWORK_HEADER = YES;
				CLANG_WARN_RANGE_LOOP_ANALYSIS = YES;
				CLANG_WARN_STRICT_PROTOTYPES = YES;
				CLANG_WARN_SUSPICIOUS_MOVE = YES;
				CLANG_WARN_UNGUARDED_AVAILABILITY = YES_AGGRESSIVE;
				CLANG_WARN_UNREACHABLE_CODE = YES;
				CLANG_WARN__DUPLICATE_METHOD_MATCH = YES;
				COPY_PHASE_STRIP = NO;
				DEBUG_INFORMATION_FORMAT = dwarf;
				ENABLE_STRICT_OBJC_MSGSEND = YES;
				ENABLE_TESTABILITY = YES;
				GCC_C_LANGUAGE_STANDARD = gnu11;
				GCC_DYNAMIC_NO_PIC = NO;
				GCC_NO_COMMON_BLOCKS = YES;
				GCC_OPTIMIZATION_LEVEL = 0;
				GCC_PREPROCESSOR_DEFINITIONS = (
					"DEBUG=1",
					"$(inherited)",
				);
				GCC_WARN_64_TO_32_BIT_CONVERSION = YES;
				GCC_WARN_ABOUT_RETURN_TYPE = YES_ERROR;
				GCC_WARN_UNDECLARED_SELECTOR = YES;
				GCC_WARN_UNINITIALIZED_AUTOS = YES_AGGRESSIVE;
				GCC_WARN_UNUSED_FUNCTION = YES;
				GCC_WARN_UNUSED_VARIABLE = YES;
				IPHONEOS_DEPLOYMENT_TARGET = 16.1;
				MTL_ENABLE_DEBUG_INFO = INCLUDE_SOURCE;
				MTL_FAST_MATH = YES;
				ONLY_ACTIVE_ARCH = YES;
				SDKROOT = iphoneos;
				SWIFT_ACTIVE_COMPILATION_CONDITIONS = DEBUG;
				SWIFT_OPTIMIZATION_LEVEL = "-Onone";
			};
			name = Debug;
		};
		6AB9A12B2A581A3200297C27 /* Release */ = {
			isa = XCBuildConfiguration;
			buildSettings = {
				ALWAYS_SEARCH_USER_PATHS = NO;
				CLANG_ANALYZER_NONNULL = YES;
				CLANG_ANALYZER_NUMBER_OBJECT_CONVERSION = YES_AGGRESSIVE;
				CLANG_CXX_LANGUAGE_STANDARD = "gnu++20";
				CLANG_ENABLE_MODULES = YES;
				CLANG_ENABLE_OBJC_ARC = YES;
				CLANG_ENABLE_OBJC_WEAK = YES;
				CLANG_WARN_BLOCK_CAPTURE_AUTORELEASING = YES;
				CLANG_WARN_BOOL_CONVERSION = YES;
				CLANG_WARN_COMMA = YES;
				CLANG_WARN_CONSTANT_CONVERSION = YES;
				CLANG_WARN_DEPRECATED_OBJC_IMPLEMENTATIONS = YES;
				CLANG_WARN_DIRECT_OBJC_ISA_USAGE = YES_ERROR;
				CLANG_WARN_DOCUMENTATION_COMMENTS = YES;
				CLANG_WARN_EMPTY_BODY = YES;
				CLANG_WARN_ENUM_CONVERSION = YES;
				CLANG_WARN_INFINITE_RECURSION = YES;
				CLANG_WARN_INT_CONVERSION = YES;
				CLANG_WARN_NON_LITERAL_NULL_CONVERSION = YES;
				CLANG_WARN_OBJC_IMPLICIT_RETAIN_SELF = YES;
				CLANG_WARN_OBJC_LITERAL_CONVERSION = YES;
				CLANG_WARN_OBJC_ROOT_CLASS = YES_ERROR;
				CLANG_WARN_QUOTED_INCLUDE_IN_FRAMEWORK_HEADER = YES;
				CLANG_WARN_RANGE_LOOP_ANALYSIS = YES;
				CLANG_WARN_STRICT_PROTOTYPES = YES;
				CLANG_WARN_SUSPICIOUS_MOVE = YES;
				CLANG_WARN_UNGUARDED_AVAILABILITY = YES_AGGRESSIVE;
				CLANG_WARN_UNREACHABLE_CODE = YES;
				CLANG_WARN__DUPLICATE_METHOD_MATCH = YES;
				COPY_PHASE_STRIP = NO;
				DEBUG_INFORMATION_FORMAT = "dwarf-with-dsym";
				ENABLE_NS_ASSERTIONS = NO;
				ENABLE_STRICT_OBJC_MSGSEND = YES;
				GCC_C_LANGUAGE_STANDARD = gnu11;
				GCC_NO_COMMON_BLOCKS = YES;
				GCC_WARN_64_TO_32_BIT_CONVERSION = YES;
				GCC_WARN_ABOUT_RETURN_TYPE = YES_ERROR;
				GCC_WARN_UNDECLARED_SELECTOR = YES;
				GCC_WARN_UNINITIALIZED_AUTOS = YES_AGGRESSIVE;
				GCC_WARN_UNUSED_FUNCTION = YES;
				GCC_WARN_UNUSED_VARIABLE = YES;
				IPHONEOS_DEPLOYMENT_TARGET = 16.1;
				MTL_ENABLE_DEBUG_INFO = NO;
				MTL_FAST_MATH = YES;
				SDKROOT = iphoneos;
				SWIFT_COMPILATION_MODE = wholemodule;
				SWIFT_OPTIMIZATION_LEVEL = "-O";
				VALIDATE_PRODUCT = YES;
			};
			name = Release;
		};
		6AB9A12D2A581A3200297C27 /* Debug */ = {
			isa = XCBuildConfiguration;
			buildSettings = {
				ASSETCATALOG_COMPILER_APPICON_NAME = AppIcon;
				ASSETCATALOG_COMPILER_GLOBAL_ACCENT_COLOR_NAME = AccentColor;
				CODE_SIGN_STYLE = Automatic;
				CURRENT_PROJECT_VERSION = 1;
				DEVELOPMENT_ASSET_PATHS = "\"BucksSwiftUI/Preview Content\"";
				ENABLE_PREVIEWS = YES;
				GENERATE_INFOPLIST_FILE = YES;
				INFOPLIST_KEY_UIApplicationSceneManifest_Generation = YES;
				INFOPLIST_KEY_UIApplicationSupportsIndirectInputEvents = YES;
				INFOPLIST_KEY_UILaunchScreen_Generation = YES;
				INFOPLIST_KEY_UISupportedInterfaceOrientations_iPad = "UIInterfaceOrientationPortrait UIInterfaceOrientationPortraitUpsideDown UIInterfaceOrientationLandscapeLeft UIInterfaceOrientationLandscapeRight";
				INFOPLIST_KEY_UISupportedInterfaceOrientations_iPhone = "UIInterfaceOrientationPortrait UIInterfaceOrientationLandscapeLeft UIInterfaceOrientationLandscapeRight";
				LD_RUNPATH_SEARCH_PATHS = (
					"$(inherited)",
					"@executable_path/Frameworks",
				);
				MARKETING_VERSION = 1.0;
				PRODUCT_BUNDLE_IDENTIFIER = claudiadanciu.BucksSwiftUI;
				PRODUCT_NAME = "$(TARGET_NAME)";
				SWIFT_EMIT_LOC_STRINGS = YES;
				SWIFT_VERSION = 5.0;
				TARGETED_DEVICE_FAMILY = "1,2";
			};
			name = Debug;
		};
		6AB9A12E2A581A3200297C27 /* Release */ = {
			isa = XCBuildConfiguration;
			buildSettings = {
				ASSETCATALOG_COMPILER_APPICON_NAME = AppIcon;
				ASSETCATALOG_COMPILER_GLOBAL_ACCENT_COLOR_NAME = AccentColor;
				CODE_SIGN_STYLE = Automatic;
				CURRENT_PROJECT_VERSION = 1;
				DEVELOPMENT_ASSET_PATHS = "\"BucksSwiftUI/Preview Content\"";
				ENABLE_PREVIEWS = YES;
				GENERATE_INFOPLIST_FILE = YES;
				INFOPLIST_KEY_UIApplicationSceneManifest_Generation = YES;
				INFOPLIST_KEY_UIApplicationSupportsIndirectInputEvents = YES;
				INFOPLIST_KEY_UILaunchScreen_Generation = YES;
				INFOPLIST_KEY_UISupportedInterfaceOrientations_iPad = "UIInterfaceOrientationPortrait UIInterfaceOrientationPortraitUpsideDown UIInterfaceOrientationLandscapeLeft UIInterfaceOrientationLandscapeRight";
				INFOPLIST_KEY_UISupportedInterfaceOrientations_iPhone = "UIInterfaceOrientationPortrait UIInterfaceOrientationLandscapeLeft UIInterfaceOrientationLandscapeRight";
				LD_RUNPATH_SEARCH_PATHS = (
					"$(inherited)",
					"@executable_path/Frameworks",
				);
				MARKETING_VERSION = 1.0;
				PRODUCT_BUNDLE_IDENTIFIER = claudiadanciu.BucksSwiftUI;
				PRODUCT_NAME = "$(TARGET_NAME)";
				SWIFT_EMIT_LOC_STRINGS = YES;
				SWIFT_VERSION = 5.0;
				TARGETED_DEVICE_FAMILY = "1,2";
			};
			name = Release;
		};
		6AB9A1302A581A3200297C27 /* Debug */ = {
			isa = XCBuildConfiguration;
			buildSettings = {
				ALWAYS_EMBED_SWIFT_STANDARD_LIBRARIES = YES;
				BUNDLE_LOADER = "$(TEST_HOST)";
				CODE_SIGN_STYLE = Automatic;
				CURRENT_PROJECT_VERSION = 1;
				GENERATE_INFOPLIST_FILE = YES;
				IPHONEOS_DEPLOYMENT_TARGET = 16.1;
				MARKETING_VERSION = 1.0;
				PRODUCT_BUNDLE_IDENTIFIER = claudiadanciu.BucksSwiftUITests;
				PRODUCT_NAME = "$(TARGET_NAME)";
				SWIFT_EMIT_LOC_STRINGS = NO;
				SWIFT_VERSION = 5.0;
				TARGETED_DEVICE_FAMILY = "1,2";
				TEST_HOST = "$(BUILT_PRODUCTS_DIR)/BucksSwiftUI.app/$(BUNDLE_EXECUTABLE_FOLDER_PATH)/BucksSwiftUI";
			};
			name = Debug;
		};
		6AB9A1312A581A3200297C27 /* Release */ = {
			isa = XCBuildConfiguration;
			buildSettings = {
				ALWAYS_EMBED_SWIFT_STANDARD_LIBRARIES = YES;
				BUNDLE_LOADER = "$(TEST_HOST)";
				CODE_SIGN_STYLE = Automatic;
				CURRENT_PROJECT_VERSION = 1;
				GENERATE_INFOPLIST_FILE = YES;
				IPHONEOS_DEPLOYMENT_TARGET = 16.1;
				MARKETING_VERSION = 1.0;
				PRODUCT_BUNDLE_IDENTIFIER = claudiadanciu.BucksSwiftUITests;
				PRODUCT_NAME = "$(TARGET_NAME)";
				SWIFT_EMIT_LOC_STRINGS = NO;
				SWIFT_VERSION = 5.0;
				TARGETED_DEVICE_FAMILY = "1,2";
				TEST_HOST = "$(BUILT_PRODUCTS_DIR)/BucksSwiftUI.app/$(BUNDLE_EXECUTABLE_FOLDER_PATH)/BucksSwiftUI";
			};
			name = Release;
		};
		6AB9A1332A581A3200297C27 /* Debug */ = {
			isa = XCBuildConfiguration;
			buildSettings = {
				ALWAYS_EMBED_SWIFT_STANDARD_LIBRARIES = YES;
				CODE_SIGN_STYLE = Automatic;
				CURRENT_PROJECT_VERSION = 1;
				GENERATE_INFOPLIST_FILE = YES;
				MARKETING_VERSION = 1.0;
				PRODUCT_BUNDLE_IDENTIFIER = claudiadanciu.BucksSwiftUIUITests;
				PRODUCT_NAME = "$(TARGET_NAME)";
				SWIFT_EMIT_LOC_STRINGS = NO;
				SWIFT_VERSION = 5.0;
				TARGETED_DEVICE_FAMILY = "1,2";
				TEST_TARGET_NAME = BucksSwiftUI;
			};
			name = Debug;
		};
		6AB9A1342A581A3200297C27 /* Release */ = {
			isa = XCBuildConfiguration;
			buildSettings = {
				ALWAYS_EMBED_SWIFT_STANDARD_LIBRARIES = YES;
				CODE_SIGN_STYLE = Automatic;
				CURRENT_PROJECT_VERSION = 1;
				GENERATE_INFOPLIST_FILE = YES;
				MARKETING_VERSION = 1.0;
				PRODUCT_BUNDLE_IDENTIFIER = claudiadanciu.BucksSwiftUIUITests;
				PRODUCT_NAME = "$(TARGET_NAME)";
				SWIFT_EMIT_LOC_STRINGS = NO;
				SWIFT_VERSION = 5.0;
				TARGETED_DEVICE_FAMILY = "1,2";
				TEST_TARGET_NAME = BucksSwiftUI;
			};
			name = Release;
		};
/* End XCBuildConfiguration section */

/* Begin XCConfigurationList section */
		6AB9A1032A581A2F00297C27 /* Build configuration list for PBXProject "BucksSwiftUI" */ = {
			isa = XCConfigurationList;
			buildConfigurations = (
				6AB9A12A2A581A3200297C27 /* Debug */,
				6AB9A12B2A581A3200297C27 /* Release */,
			);
			defaultConfigurationIsVisible = 0;
			defaultConfigurationName = Release;
		};
		6AB9A12C2A581A3200297C27 /* Build configuration list for PBXNativeTarget "BucksSwiftUI" */ = {
			isa = XCConfigurationList;
			buildConfigurations = (
				6AB9A12D2A581A3200297C27 /* Debug */,
				6AB9A12E2A581A3200297C27 /* Release */,
			);
			defaultConfigurationIsVisible = 0;
			defaultConfigurationName = Release;
		};
		6AB9A12F2A581A3200297C27 /* Build configuration list for PBXNativeTarget "BucksSwiftUITests" */ = {
			isa = XCConfigurationList;
			buildConfigurations = (
				6AB9A1302A581A3200297C27 /* Debug */,
				6AB9A1312A581A3200297C27 /* Release */,
			);
			defaultConfigurationIsVisible = 0;
			defaultConfigurationName = Release;
		};
		6AB9A1322A581A3200297C27 /* Build configuration list for PBXNativeTarget "BucksSwiftUIUITests" */ = {
			isa = XCConfigurationList;
			buildConfigurations = (
				6AB9A1332A581A3200297C27 /* Debug */,
				6AB9A1342A581A3200297C27 /* Release */,
			);
			defaultConfigurationIsVisible = 0;
			defaultConfigurationName = Release;
		};
/* End XCConfigurationList section */

/* Begin XCRemoteSwiftPackageReference section */
		6A7AE3E82A5DA8E300A11292 /* XCRemoteSwiftPackageReference "firebase-ios-sdk" */ = {
			isa = XCRemoteSwiftPackageReference;
			repositoryURL = "https://github.com/firebase/firebase-ios-sdk";
			requirement = {
				kind = upToNextMajorVersion;
				minimumVersion = 10.0.0;
			};
		};
/* End XCRemoteSwiftPackageReference section */

/* Begin XCSwiftPackageProductDependency section */
		6A7AE3E92A5DA8E300A11292 /* FirebaseAuth */ = {
			isa = XCSwiftPackageProductDependency;
			package = 6A7AE3E82A5DA8E300A11292 /* XCRemoteSwiftPackageReference "firebase-ios-sdk" */;
			productName = FirebaseAuth;
		};
		6A7AE3EB2A5DA8E300A11292 /* FirebaseFirestore */ = {
			isa = XCSwiftPackageProductDependency;
			package = 6A7AE3E82A5DA8E300A11292 /* XCRemoteSwiftPackageReference "firebase-ios-sdk" */;
			productName = FirebaseFirestore;
		};
		6A7AE3ED2A5DA8E300A11292 /* FirebaseFirestoreSwift */ = {
			isa = XCSwiftPackageProductDependency;
			package = 6A7AE3E82A5DA8E300A11292 /* XCRemoteSwiftPackageReference "firebase-ios-sdk" */;
			productName = FirebaseFirestoreSwift;
		};
		6A7AE3EF2A5DA8E300A11292 /* FirebaseStorage */ = {
			isa = XCSwiftPackageProductDependency;
			package = 6A7AE3E82A5DA8E300A11292 /* XCRemoteSwiftPackageReference "firebase-ios-sdk" */;
			productName = FirebaseStorage;
		};
/* End XCSwiftPackageProductDependency section */
	};
	rootObject = 6AB9A1002A581A2F00297C27 /* Project object */;
}
